
Microsoft Visual Studio Solution File, Format Version 12.00
# Visual Studio 15
VisualStudioVersion = 15.0.28307.539
MinimumVisualStudioVersion = 10.0.40219.1
Project("{FAE04EC0-301F-11D3-BF4B-00C04F79EFBC}") = "Transactions", "Transactions\Transactions.csproj", "{9E0D4E65-E27D-47AA-8788-F67F1D9E03FD}"
EndProject
Global
	GlobalSection(SolutionConfigurationPlatforms) = preSolution
		Debug|Any CPU = Debug|Any CPU
		Release|Any CPU = Release|Any CPU
	EndGlobalSection
	GlobalSection(ProjectConfigurationPlatforms) = postSolution
		{9E0D4E65-E27D-47AA-8788-F67F1D9E03FD}.Debug|Any CPU.ActiveCfg = Debug|Any CPU
		{9E0D4E65-E27D-47AA-8788-F67F1D9E03FD}.Debug|Any CPU.Build.0 = Debug|Any CPU
		{9E0D4E65-E27D-47AA-8788-F67F1D9E03FD}.Release|Any CPU.ActiveCfg = Release|Any CPU
		{9E0D4E65-E27D-47AA-8788-F67F1D9E03FD}.Release|Any CPU.Build.0 = Release|Any CPU
	EndGlobalSection
	GlobalSection(SolutionProperties) = preSolution
		HideSolutionNode = FALSE
	EndGlobalSection
	GlobalSection(ExtensibilityGlobals) = postSolution
		SolutionGuid = {1EFEE1B9-A92D-4A82-B1CA-5AEB4511F5B2}
	EndGlobalSection
EndGlobal
